// !$*UTF8*$!
{
	archiveVersion = 1;
	classes = {
	};
	objectVersion = 46;
	objects = {

/* Begin PBXBuildFile section */
		48C6A0091B0B31A0004B8E27 /* PcycleSDK.framework in Frameworks */ = {isa = PBXBuildFile; fileRef = 48C6A0081B0B31A0004B8E27 /* PcycleSDK.framework */; };
		74A1EC1C1A81D49E00F2AA87 /* main.m in Sources */ = {isa = PBXBuildFile; fileRef = 74A1EC1B1A81D49E00F2AA87 /* main.m */; };
		74A1EC1F1A81D49E00F2AA87 /* AppDelegate.m in Sources */ = {isa = PBXBuildFile; fileRef = 74A1EC1E1A81D49E00F2AA87 /* AppDelegate.m */; };
		74A1EC221A81D49E00F2AA87 /* ViewController.m in Sources */ = {isa = PBXBuildFile; fileRef = 74A1EC211A81D49E00F2AA87 /* ViewController.m */; };
		74A1EC251A81D49E00F2AA87 /* Main.storyboard in Resources */ = {isa = PBXBuildFile; fileRef = 74A1EC231A81D49E00F2AA87 /* Main.storyboard */; };
		74A1EC271A81D49E00F2AA87 /* Images.xcassets in Resources */ = {isa = PBXBuildFile; fileRef = 74A1EC261A81D49E00F2AA87 /* Images.xcassets */; };
		74A1EC2A1A81D49F00F2AA87 /* LaunchScreen.xib in Resources */ = {isa = PBXBuildFile; fileRef = 74A1EC281A81D49F00F2AA87 /* LaunchScreen.xib */; };
/* End PBXBuildFile section */

/* Begin PBXFileReference section */
		48C6A0081B0B31A0004B8E27 /* PcycleSDK.framework */ = {isa = PBXFileReference; lastKnownFileType = wrapper.framework; path = PcycleSDK.framework; sourceTree = "<group>"; };
		74A1EC161A81D49E00F2AA87 /* PcycleSDKDemo.app */ = {isa = PBXFileReference; explicitFileType = wrapper.application; includeInIndex = 0; path = PcycleSDKDemo.app; sourceTree = BUILT_PRODUCTS_DIR; };
		74A1EC1A1A81D49E00F2AA87 /* Info.plist */ = {isa = PBXFileReference; lastKnownFileType = text.plist.xml; path = Info.plist; sourceTree = "<group>"; };
		74A1EC1B1A81D49E00F2AA87 /* main.m */ = {isa = PBXFileReference; lastKnownFileType = sourcecode.c.objc; path = main.m; sourceTree = "<group>"; };
		74A1EC1D1A81D49E00F2AA87 /* AppDelegate.h */ = {isa = PBXFileReference; lastKnownFileType = sourcecode.c.h; path = AppDelegate.h; sourceTree = "<group>"; };
		74A1EC1E1A81D49E00F2AA87 /* AppDelegate.m */ = {isa = PBXFileReference; lastKnownFileType = sourcecode.c.objc; path = AppDelegate.m; sourceTree = "<group>"; };
		74A1EC201A81D49E00F2AA87 /* ViewController.h */ = {isa = PBXFileReference; lastKnownFileType = sourcecode.c.h; path = ViewController.h; sourceTree = "<group>"; };
		74A1EC211A81D49E00F2AA87 /* ViewController.m */ = {isa = PBXFileReference; lastKnownFileType = sourcecode.c.objc; path = ViewController.m; sourceTree = "<group>"; };
		74A1EC241A81D49E00F2AA87 /* Base */ = {isa = PBXFileReference; lastKnownFileType = file.storyboard; name = Base; path = Base.lproj/Main.storyboard; sourceTree = "<group>"; };
		74A1EC261A81D49E00F2AA87 /* Images.xcassets */ = {isa = PBXFileReference; lastKnownFileType = folder.assetcatalog; path = Images.xcassets; sourceTree = "<group>"; };
		74A1EC291A81D49F00F2AA87 /* Base */ = {isa = PBXFileReference; lastKnownFileType = file.xib; name = Base; path = Base.lproj/LaunchScreen.xib; sourceTree = "<group>"; };
/* End PBXFileReference section */

/* Begin PBXFrameworksBuildPhase section */
		74A1EC131A81D49E00F2AA87 /* Frameworks */ = {
			isa = PBXFrameworksBuildPhase;
			buildActionMask = 2147483647;
			files = (
				48C6A0091B0B31A0004B8E27 /* PcycleSDK.framework in Frameworks */,
			);
			runOnlyForDeploymentPostprocessing = 0;
		};
/* End PBXFrameworksBuildPhase section */

/* Begin PBXGroup section */
		74A1EC0D1A81D49E00F2AA87 = {
			isa = PBXGroup;
			children = (
				74A1EC181A81D49E00F2AA87 /* PcycleSDKDemo */,
				74A1EC171A81D49E00F2AA87 /* Products */,
			);
			sourceTree = "<group>";
		};
		74A1EC171A81D49E00F2AA87 /* Products */ = {
			isa = PBXGroup;
			children = (
				74A1EC161A81D49E00F2AA87 /* PcycleSDKDemo.app */,
			);
			name = Products;
			sourceTree = "<group>";
		};
		74A1EC181A81D49E00F2AA87 /* PcycleSDKDemo */ = {
			isa = PBXGroup;
			children = (
				74A1EC1D1A81D49E00F2AA87 /* AppDelegate.h */,
				74A1EC1E1A81D49E00F2AA87 /* AppDelegate.m */,
				74A1EC201A81D49E00F2AA87 /* ViewController.h */,
				74A1EC211A81D49E00F2AA87 /* ViewController.m */,
				74A1EC231A81D49E00F2AA87 /* Main.storyboard */,
				74A1EC261A81D49E00F2AA87 /* Images.xcassets */,
				74A1EC281A81D49F00F2AA87 /* LaunchScreen.xib */,
				48C6A0081B0B31A0004B8E27 /* PcycleSDK.framework */,
				74A1EC191A81D49E00F2AA87 /* Supporting Files */,
			);
			path = PcycleSDKDemo;
			sourceTree = "<group>";
		};
		74A1EC191A81D49E00F2AA87 /* Supporting Files */ = {
			isa = PBXGroup;
			children = (
				74A1EC1A1A81D49E00F2AA87 /* Info.plist */,
				74A1EC1B1A81D49E00F2AA87 /* main.m */,
			);
			name = "Supporting Files";
			sourceTree = "<group>";
		};
/* End PBXGroup section */

/* Begin PBXNativeTarget section */
		74A1EC151A81D49E00F2AA87 /* PcycleSDKDemo */ = {
			isa = PBXNativeTarget;
			buildConfigurationList = 74A1EC391A81D49F00F2AA87 /* Build configuration list for PBXNativeTarget "PcycleSDKDemo" */;
			buildPhases = (
				74A1EC121A81D49E00F2AA87 /* Sources */,
				74A1EC131A81D49E00F2AA87 /* Frameworks */,
				74A1EC141A81D49E00F2AA87 /* Resources */,
			);
			buildRules = (
			);
			dependencies = (
			);
			name = PcycleSDKDemo;
			productName = PcycleSDKDemo;
			productReference = 74A1EC161A81D49E00F2AA87 /* PcycleSDKDemo.app */;
			productType = "com.apple.product-type.application";
		};
/* End PBXNativeTarget section */

/* Begin PBXProject section */
		74A1EC0E1A81D49E00F2AA87 /* Project object */ = {
			isa = PBXProject;
			attributes = {
				LastUpgradeCheck = 0610;
				ORGANIZATIONNAME = FlyingFrog;
				TargetAttributes = {
					74A1EC151A81D49E00F2AA87 = {
						CreatedOnToolsVersion = 6.1.1;
						DevelopmentTeam = 4W8D74J5XJ;
					};
				};
			};
			buildConfigurationList = 74A1EC111A81D49E00F2AA87 /* Build configuration list for PBXProject "PcycleSDKDemo" */;
			compatibilityVersion = "Xcode 3.2";
			developmentRegion = English;
			hasScannedForEncodings = 0;
			knownRegions = (
				en,
				Base,
			);
			mainGroup = 74A1EC0D1A81D49E00F2AA87;
			productRefGroup = 74A1EC171A81D49E00F2AA87 /* Products */;
			projectDirPath = "";
			projectRoot = "";
			targets = (
				74A1EC151A81D49E00F2AA87 /* PcycleSDKDemo */,
			);
		};
/* End PBXProject section */

/* Begin PBXResourcesBuildPhase section */
		74A1EC141A81D49E00F2AA87 /* Resources */ = {
			isa = PBXResourcesBuildPhase;
			buildActionMask = 2147483647;
			files = (
				74A1EC251A81D49E00F2AA87 /* Main.storyboard in Resources */,
				74A1EC2A1A81D49F00F2AA87 /* LaunchScreen.xib in Resources */,
				74A1EC271A81D49E00F2AA87 /* Images.xcassets in Resources */,
			);
			runOnlyForDeploymentPostprocessing = 0;
		};
/* End PBXResourcesBuildPhase section */

/* Begin PBXSourcesBuildPhase section */
		74A1EC121A81D49E00F2AA87 /* Sources */ = {
			isa = PBXSourcesBuildPhase;
			buildActionMask = 2147483647;
			files = (
				74A1EC221A81D49E00F2AA87 /* ViewController.m in Sources */,
				74A1EC1F1A81D49E00F2AA87 /* AppDelegate.m in Sources */,
				74A1EC1C1A81D49E00F2AA87 /* main.m in Sources */,
			);
			runOnlyForDeploymentPostprocessing = 0;
		};
/* End PBXSourcesBuildPhase section */

/* Begin PBXVariantGroup section */
		74A1EC231A81D49E00F2AA87 /* Main.storyboard */ = {
			isa = PBXVariantGroup;
			children = (
				74A1EC241A81D49E00F2AA87 /* Base */,
			);
			name = Main.storyboard;
			sourceTree = "<group>";
		};
		74A1EC281A81D49F00F2AA87 /* LaunchScreen.xib */ = {
			isa = PBXVariantGroup;
			children = (
				74A1EC291A81D49F00F2AA87 /* Base */,
			);
			name = LaunchScreen.xib;
			sourceTree = "<group>";
		};
/* End PBXVariantGroup section */

/* Begin XCBuildConfiguration section */
		74A1EC371A81D49F00F2AA87 /* Debug */ = {
			isa = XCBuildConfiguration;
			buildSettings = {
				ALWAYS_SEARCH_USER_PATHS = NO;
				CLANG_CXX_LANGUAGE_STANDARD = "gnu++0x";
				CLANG_CXX_LIBRARY = "libc++";
				CLANG_ENABLE_MODULES = YES;
				CLANG_ENABLE_OBJC_ARC = YES;
				CLANG_WARN_BOOL_CONVERSION = YES;
				CLANG_WARN_CONSTANT_CONVERSION = YES;
				CLANG_WARN_DIRECT_OBJC_ISA_USAGE = YES_ERROR;
				CLANG_WARN_EMPTY_BODY = YES;
				CLANG_WARN_ENUM_CONVERSION = YES;
				CLANG_WARN_INT_CONVERSION = YES;
				CLANG_WARN_OBJC_ROOT_CLASS = YES_ERROR;
				CLANG_WARN_UNREACHABLE_CODE = YES;
				CLANG_WARN__DUPLICATE_METHOD_MATCH = YES;
				"CODE_SIGN_IDENTITY[sdk=iphoneos*]" = "iPhone Developer";
				COPY_PHASE_STRIP = NO;
				ENABLE_STRICT_OBJC_MSGSEND = YES;
				GCC_C_LANGUAGE_STANDARD = gnu99;
				GCC_DYNAMIC_NO_PIC = NO;
				GCC_OPTIMIZATION_LEVEL = 0;
				GCC_PREPROCESSOR_DEFINITIONS = (
					"DEBUG=1",
					"$(inherited)",
				);
				GCC_SYMBOLS_PRIVATE_EXTERN = NO;
				GCC_WARN_64_TO_32_BIT_CONVERSION = YES;
				GCC_WARN_ABOUT_RETURN_TYPE = YES_ERROR;
				GCC_WARN_UNDECLARED_SELECTOR = YES;
				GCC_WARN_UNINITIALIZED_AUTOS = YES_AGGRESSIVE;
				GCC_WARN_UNUSED_FUNCTION = YES;
				GCC_WARN_UNUSED_VARIABLE = YES;
				IPHONEOS_DEPLOYMENT_TARGET = 8.1;
				MTL_ENABLE_DEBUG_INFO = YES;
				ONLY_ACTIVE_ARCH = YES;
				SDKROOT = iphoneos;
				TARGETED_DEVICE_FAMILY = 2;
			};
			name = Debug;
		};
		74A1EC381A81D49F00F2AA87 /* Release */ = {
			isa = XCBuildConfiguration;
			buildSettings = {
				ALWAYS_SEARCH_USER_PATHS = NO;
				CLANG_CXX_LANGUAGE_STANDARD = "gnu++0x";
				CLANG_CXX_LIBRARY = "libc++";
				CLANG_ENABLE_MODULES = YES;
				CLANG_ENABLE_OBJC_ARC = YES;
				CLANG_WARN_BOOL_CONVERSION = YES;
				CLANG_WARN_CONSTANT_CONVERSION = YES;
				CLANG_WARN_DIRECT_OBJC_ISA_USAGE = YES_ERROR;
				CLANG_WARN_EMPTY_BODY = YES;
				CLANG_WARN_ENUM_CONVERSION = YES;
				CLANG_WARN_INT_CONVERSION = YES;
				CLANG_WARN_OBJC_ROOT_CLASS = YES_ERROR;
				CLANG_WARN_UNREACHABLE_CODE = YES;
				CLANG_WARN__DUPLICATE_METHOD_MATCH = YES;
				"CODE_SIGN_IDENTITY[sdk=iphoneos*]" = "iPhone Developer";
				COPY_PHASE_STRIP = YES;
				ENABLE_NS_ASSERTIONS = NO;
				ENABLE_STRICT_OBJC_MSGSEND = YES;
				GCC_C_LANGUAGE_STANDARD = gnu99;
				GCC_WARN_64_TO_32_BIT_CONVERSION = YES;
				GCC_WARN_ABOUT_RETURN_TYPE = YES_ERROR;
				GCC_WARN_UNDECLARED_SELECTOR = YES;
				GCC_WARN_UNINITIALIZED_AUTOS = YES_AGGRESSIVE;
				GCC_WARN_UNUSED_FUNCTION = YES;
				GCC_WARN_UNUSED_VARIABLE = YES;
				IPHONEOS_DEPLOYMENT_TARGET = 8.1;
				MTL_ENABLE_DEBUG_INFO = NO;
				SDKROOT = iphoneos;
				TARGETED_DEVICE_FAMILY = 2;
				VALIDATE_PRODUCT = YES;
			};
			name = Release;
		};
		74A1EC3A1A81D49F00F2AA87 /* Debug */ = {
			isa = XCBuildConfiguration;
			buildSettings = {
				ASSETCATALOG_COMPILER_APPICON_NAME = AppIcon;
				CODE_SIGN_IDENTITY = "iPhone Developer";
				FRAMEWORK_SEARCH_PATHS = (
					"$(inherited)",
					"$(PROJECT_DIR)/PcycleSDKDemo",
				);
				INFOPLIST_FILE = PcycleSDKDemo/Info.plist;
				LD_RUNPATH_SEARCH_PATHS = "$(inherited) @executable_path/Frameworks";
				PRODUCT_NAME = "$(TARGET_NAME)";
			};
			name = Debug;
		};
		74A1EC3B1A81D49F00F2AA87 /* Release */ = {
			isa = XCBuildConfiguration;
			buildSettings = {
				ASSETCATALOG_COMPILER_APPICON_NAME = AppIcon;
				CODE_SIGN_IDENTITY = "iPhone Developer";
				FRAMEWORK_SEARCH_PATHS = (
					"$(inherited)",
					"$(PROJECT_DIR)/PcycleSDKDemo",
				);
				INFOPLIST_FILE = PcycleSDKDemo/Info.plist;
				LD_RUNPATH_SEARCH_PATHS = "$(inherited) @executable_path/Frameworks";
				PRODUCT_NAME = "$(TARGET_NAME)";
			};
			name = Release;
		};
/* End XCBuildConfiguration section */

/* Begin XCConfigurationList section */
		74A1EC111A81D49E00F2AA87 /* Build configuration list for PBXProject "PcycleSDKDemo" */ = {
			isa = XCConfigurationList;
			buildConfigurations = (
				74A1EC371A81D49F00F2AA87 /* Debug */,
				74A1EC381A81D49F00F2AA87 /* Release */,
			);
			defaultConfigurationIsVisible = 0;
			defaultConfigurationName = Release;
		};
		74A1EC391A81D49F00F2AA87 /* Build configuration list for PBXNativeTarget "PcycleSDKDemo" */ = {
			isa = XCConfigurationList;
			buildConfigurations = (
				74A1EC3A1A81D49F00F2AA87 /* Debug */,
				74A1EC3B1A81D49F00F2AA87 /* Release */,
			);
			defaultConfigurationIsVisible = 0;
			defaultConfigurationName = Release;
		};
/* End XCConfigurationList section */
	};
	rootObject = 74A1EC0E1A81D49E00F2AA87 /* Project object */;
}
